
Microsoft Visual Studio Solution File, Format Version 12.00
# Visual Studio Version 16
VisualStudioVersion = 16.0.30611.23
MinimumVisualStudioVersion = 10.0.40219.1
Project("{FAE04EC0-301F-11D3-BF4B-00C04F79EFBC}") = "Kinect1", "Kinect1.csproj", "{96395A77-E244-4830-9131-65C989A69902}"
EndProject
Global
	GlobalSection(SolutionConfigurationPlatforms) = preSolution
		Debug|Any CPU = Debug|Any CPU
		Debug|x64 = Debug|x64
		Release|Any CPU = Release|Any CPU
		Release|x64 = Release|x64
	EndGlobalSection
	GlobalSection(ProjectConfigurationPlatforms) = postSolution
		{96395A77-E244-4830-9131-65C989A69902}.Debug|Any CPU.ActiveCfg = Debug|Any CPU
		{96395A77-E244-4830-9131-65C989A69902}.Debug|Any CPU.Build.0 = Debug|Any CPU
		{96395A77-E244-4830-9131-65C989A69902}.Debug|x64.ActiveCfg = Debug|x64
		{96395A77-E244-4830-9131-65C989A69902}.Debug|x64.Build.0 = Debug|x64
		{96395A77-E244-4830-9131-65C989A69902}.Release|Any CPU.ActiveCfg = Release|Any CPU
		{96395A77-E244-4830-9131-65C989A69902}.Release|Any CPU.Build.0 = Release|Any CPU
		{96395A77-E244-4830-9131-65C989A69902}.Release|x64.ActiveCfg = Release|x64
		{96395A77-E244-4830-9131-65C989A69902}.Release|x64.Build.0 = Release|x64
	EndGlobalSection
	GlobalSection(SolutionProperties) = preSolution
		HideSolutionNode = FALSE
	EndGlobalSection
	GlobalSection(ExtensibilityGlobals) = postSolution
		SolutionGuid = {70F6AC02-1618-47F3-997B-4A59A8F17D81}
	EndGlobalSection
EndGlobal
